// !$*UTF8*$!
{
	archiveVersion = 1;
	classes = {
	};
	objectVersion = 56;
	objects = {

/* Begin PBXBuildFile section */
		04552AC12B91BB5600308462 /* ShopDetailVC.swift in Sources */ = {isa = PBXBuildFile; fileRef = 04552AC02B91BB5600308462 /* ShopDetailVC.swift */; };
		04552AC32B91BBB100308462 /* ShopDetail.storyboard in Resources */ = {isa = PBXBuildFile; fileRef = 04552AC22B91BBB100308462 /* ShopDetail.storyboard */; };
		04552AC62B91BBEB00308462 /* ShopListCVC.swift in Sources */ = {isa = PBXBuildFile; fileRef = 04552AC42B91BBEB00308462 /* ShopListCVC.swift */; };
		04552AC72B91BBEB00308462 /* ShopListCVC.xib in Resources */ = {isa = PBXBuildFile; fileRef = 04552AC52B91BBEB00308462 /* ShopListCVC.xib */; };
		04552AC92B91BD3200308462 /* Shop.swift in Sources */ = {isa = PBXBuildFile; fileRef = 04552AC82B91BD3200308462 /* Shop.swift */; };
		04552ACB2B91BD5E00308462 /* ShopPresenter.swift in Sources */ = {isa = PBXBuildFile; fileRef = 04552ACA2B91BD5E00308462 /* ShopPresenter.swift */; };
		04CADC5C2B8ECF4600148DDF /* AppDelegate.swift in Sources */ = {isa = PBXBuildFile; fileRef = 04CADC5B2B8ECF4600148DDF /* AppDelegate.swift */; };
		04CADC5E2B8ECF4600148DDF /* SceneDelegate.swift in Sources */ = {isa = PBXBuildFile; fileRef = 04CADC5D2B8ECF4600148DDF /* SceneDelegate.swift */; };
		04CADC602B8ECF4600148DDF /* ViewController.swift in Sources */ = {isa = PBXBuildFile; fileRef = 04CADC5F2B8ECF4600148DDF /* ViewController.swift */; };
		04CADC632B8ECF4600148DDF /* Main.storyboard in Resources */ = {isa = PBXBuildFile; fileRef = 04CADC612B8ECF4600148DDF /* Main.storyboard */; };
		04CADC652B8ECF5000148DDF /* Assets.xcassets in Resources */ = {isa = PBXBuildFile; fileRef = 04CADC642B8ECF5000148DDF /* Assets.xcassets */; };
		04CADC682B8ECF5000148DDF /* LaunchScreen.storyboard in Resources */ = {isa = PBXBuildFile; fileRef = 04CADC662B8ECF5000148DDF /* LaunchScreen.storyboard */; };
/* End PBXBuildFile section */

/* Begin PBXFileReference section */
		04552AC02B91BB5600308462 /* ShopDetailVC.swift */ = {isa = PBXFileReference; lastKnownFileType = sourcecode.swift; path = ShopDetailVC.swift; sourceTree = "<group>"; };
		04552AC22B91BBB100308462 /* ShopDetail.storyboard */ = {isa = PBXFileReference; lastKnownFileType = file.storyboard; path = ShopDetail.storyboard; sourceTree = "<group>"; };
		04552AC42B91BBEB00308462 /* ShopListCVC.swift */ = {isa = PBXFileReference; lastKnownFileType = sourcecode.swift; path = ShopListCVC.swift; sourceTree = "<group>"; };
		04552AC52B91BBEB00308462 /* ShopListCVC.xib */ = {isa = PBXFileReference; lastKnownFileType = file.xib; path = ShopListCVC.xib; sourceTree = "<group>"; };
		04552AC82B91BD3200308462 /* Shop.swift */ = {isa = PBXFileReference; lastKnownFileType = sourcecode.swift; path = Shop.swift; sourceTree = "<group>"; };
		04552ACA2B91BD5E00308462 /* ShopPresenter.swift */ = {isa = PBXFileReference; lastKnownFileType = sourcecode.swift; path = ShopPresenter.swift; sourceTree = "<group>"; };
		04CADC582B8ECF4600148DDF /* MVP.app */ = {isa = PBXFileReference; explicitFileType = wrapper.application; includeInIndex = 0; path = MVP.app; sourceTree = BUILT_PRODUCTS_DIR; };
		04CADC5B2B8ECF4600148DDF /* AppDelegate.swift */ = {isa = PBXFileReference; lastKnownFileType = sourcecode.swift; path = AppDelegate.swift; sourceTree = "<group>"; };
		04CADC5D2B8ECF4600148DDF /* SceneDelegate.swift */ = {isa = PBXFileReference; lastKnownFileType = sourcecode.swift; path = SceneDelegate.swift; sourceTree = "<group>"; };
		04CADC5F2B8ECF4600148DDF /* ViewController.swift */ = {isa = PBXFileReference; lastKnownFileType = sourcecode.swift; path = ViewController.swift; sourceTree = "<group>"; };
		04CADC622B8ECF4600148DDF /* Base */ = {isa = PBXFileReference; lastKnownFileType = file.storyboard; name = Base; path = Base.lproj/Main.storyboard; sourceTree = "<group>"; };
		04CADC642B8ECF5000148DDF /* Assets.xcassets */ = {isa = PBXFileReference; lastKnownFileType = folder.assetcatalog; path = Assets.xcassets; sourceTree = "<group>"; };
		04CADC672B8ECF5000148DDF /* Base */ = {isa = PBXFileReference; lastKnownFileType = file.storyboard; name = Base; path = Base.lproj/LaunchScreen.storyboard; sourceTree = "<group>"; };
		04CADC692B8ECF5000148DDF /* Info.plist */ = {isa = PBXFileReference; lastKnownFileType = text.plist.xml; path = Info.plist; sourceTree = "<group>"; };
/* End PBXFileReference section */

/* Begin PBXFrameworksBuildPhase section */
		04CADC552B8ECF4600148DDF /* Frameworks */ = {
			isa = PBXFrameworksBuildPhase;
			buildActionMask = 2147483647;
			files = (
			);
			runOnlyForDeploymentPostprocessing = 0;
		};
/* End PBXFrameworksBuildPhase section */

/* Begin PBXGroup section */
		04552ABA2B91BA5600308462 /* Presenters */ = {
			isa = PBXGroup;
			children = (
				04552ACA2B91BD5E00308462 /* ShopPresenter.swift */,
			);
			path = Presenters;
			sourceTree = "<group>";
		};
		04552ABB2B91BA5E00308462 /* Models */ = {
			isa = PBXGroup;
			children = (
				04552AC82B91BD3200308462 /* Shop.swift */,
			);
			path = Models;
			sourceTree = "<group>";
		};
		04552ABC2B91BA7400308462 /* Networking */ = {
			isa = PBXGroup;
			children = (
			);
			path = Networking;
			sourceTree = "<group>";
		};
		04552ABD2B91BA8400308462 /* Views */ = {
			isa = PBXGroup;
			children = (
				04CADC5F2B8ECF4600148DDF /* ViewController.swift */,
				04552AC02B91BB5600308462 /* ShopDetailVC.swift */,
				04552AC42B91BBEB00308462 /* ShopListCVC.swift */,
			);
			path = Views;
			sourceTree = "<group>";
		};
		04552ABE2B91BA8B00308462 /* SupportingFiles */ = {
			isa = PBXGroup;
			children = (
				04CADC5B2B8ECF4600148DDF /* AppDelegate.swift */,
				04CADC5D2B8ECF4600148DDF /* SceneDelegate.swift */,
			);
			path = SupportingFiles;
			sourceTree = "<group>";
		};
		04552ABF2B91BA9700308462 /* Resources */ = {
			isa = PBXGroup;
			children = (
				04CADC642B8ECF5000148DDF /* Assets.xcassets */,
				04CADC662B8ECF5000148DDF /* LaunchScreen.storyboard */,
				04CADC612B8ECF4600148DDF /* Main.storyboard */,
				04552AC22B91BBB100308462 /* ShopDetail.storyboard */,
				04552AC52B91BBEB00308462 /* ShopListCVC.xib */,
			);
			path = Resources;
			sourceTree = "<group>";
		};
		04CADC4F2B8ECF4500148DDF = {
			isa = PBXGroup;
			children = (
				04CADC5A2B8ECF4600148DDF /* MVP */,
				04CADC592B8ECF4600148DDF /* Products */,
			);
			sourceTree = "<group>";
		};
		04CADC592B8ECF4600148DDF /* Products */ = {
			isa = PBXGroup;
			children = (
				04CADC582B8ECF4600148DDF /* MVP.app */,
			);
			name = Products;
			sourceTree = "<group>";
		};
		04CADC5A2B8ECF4600148DDF /* MVP */ = {
			isa = PBXGroup;
			children = (
				04552ABF2B91BA9700308462 /* Resources */,
				04552ABE2B91BA8B00308462 /* SupportingFiles */,
				04552ABD2B91BA8400308462 /* Views */,
				04552ABC2B91BA7400308462 /* Networking */,
				04552ABB2B91BA5E00308462 /* Models */,
				04552ABA2B91BA5600308462 /* Presenters */,
				04CADC692B8ECF5000148DDF /* Info.plist */,
			);
			path = MVP;
			sourceTree = "<group>";
		};
/* End PBXGroup section */

/* Begin PBXNativeTarget section */
		04CADC572B8ECF4600148DDF /* MVP */ = {
			isa = PBXNativeTarget;
			buildConfigurationList = 04CADC6C2B8ECF5000148DDF /* Build configuration list for PBXNativeTarget "MVP" */;
			buildPhases = (
				04CADC542B8ECF4600148DDF /* Sources */,
				04CADC552B8ECF4600148DDF /* Frameworks */,
				04CADC562B8ECF4600148DDF /* Resources */,
			);
			buildRules = (
			);
			dependencies = (
			);
			name = MVP;
			productName = MVP;
			productReference = 04CADC582B8ECF4600148DDF /* MVP.app */;
			productType = "com.apple.product-type.application";
		};
/* End PBXNativeTarget section */

/* Begin PBXProject section */
		04CADC502B8ECF4600148DDF /* Project object */ = {
			isa = PBXProject;
			attributes = {
				BuildIndependentTargetsInParallel = 1;
				LastSwiftUpdateCheck = 1420;
				LastUpgradeCheck = 1420;
				TargetAttributes = {
					04CADC572B8ECF4600148DDF = {
						CreatedOnToolsVersion = 14.2;
					};
				};
			};
			buildConfigurationList = 04CADC532B8ECF4600148DDF /* Build configuration list for PBXProject "MVP" */;
			compatibilityVersion = "Xcode 14.0";
			developmentRegion = en;
			hasScannedForEncodings = 0;
			knownRegions = (
				en,
				Base,
			);
			mainGroup = 04CADC4F2B8ECF4500148DDF;
			productRefGroup = 04CADC592B8ECF4600148DDF /* Products */;
			projectDirPath = "";
			projectRoot = "";
			targets = (
				04CADC572B8ECF4600148DDF /* MVP */,
			);
		};
/* End PBXProject section */

/* Begin PBXResourcesBuildPhase section */
		04CADC562B8ECF4600148DDF /* Resources */ = {
			isa = PBXResourcesBuildPhase;
			buildActionMask = 2147483647;
			files = (
				04CADC682B8ECF5000148DDF /* LaunchScreen.storyboard in Resources */,
				04552AC32B91BBB100308462 /* ShopDetail.storyboard in Resources */,
				04552AC72B91BBEB00308462 /* ShopListCVC.xib in Resources */,
				04CADC652B8ECF5000148DDF /* Assets.xcassets in Resources */,
				04CADC632B8ECF4600148DDF /* Main.storyboard in Resources */,
			);
			runOnlyForDeploymentPostprocessing = 0;
		};
/* End PBXResourcesBuildPhase section */

/* Begin PBXSourcesBuildPhase section */
		04CADC542B8ECF4600148DDF /* Sources */ = {
			isa = PBXSourcesBuildPhase;
			buildActionMask = 2147483647;
			files = (
				04CADC602B8ECF4600148DDF /* ViewController.swift in Sources */,
				04CADC5C2B8ECF4600148DDF /* AppDelegate.swift in Sources */,
				04CADC5E2B8ECF4600148DDF /* SceneDelegate.swift in Sources */,
				04552AC92B91BD3200308462 /* Shop.swift in Sources */,
				04552AC62B91BBEB00308462 /* ShopListCVC.swift in Sources */,
				04552AC12B91BB5600308462 /* ShopDetailVC.swift in Sources */,
				04552ACB2B91BD5E00308462 /* ShopPresenter.swift in Sources */,
			);
			runOnlyForDeploymentPostprocessing = 0;
		};
/* End PBXSourcesBuildPhase section */

/* Begin PBXVariantGroup section */
		04CADC612B8ECF4600148DDF /* Main.storyboard */ = {
			isa = PBXVariantGroup;
			children = (
				04CADC622B8ECF4600148DDF /* Base */,
			);
			name = Main.storyboard;
			sourceTree = "<group>";
		};
		04CADC662B8ECF5000148DDF /* LaunchScreen.storyboard */ = {
			isa = PBXVariantGroup;
			children = (
				04CADC672B8ECF5000148DDF /* Base */,
			);
			name = LaunchScreen.storyboard;
			sourceTree = "<group>";
		};
/* End PBXVariantGroup section */

/* Begin XCBuildConfiguration section */
		04CADC6A2B8ECF5000148DDF /* Debug */ = {
			isa = XCBuildConfiguration;
			buildSettings = {
				ALWAYS_SEARCH_USER_PATHS = NO;
				CLANG_ANALYZER_NONNULL = YES;
				CLANG_ANALYZER_NUMBER_OBJECT_CONVERSION = YES_AGGRESSIVE;
				CLANG_CXX_LANGUAGE_STANDARD = "gnu++20";
				CLANG_ENABLE_MODULES = YES;
				CLANG_ENABLE_OBJC_ARC = YES;
				CLANG_ENABLE_OBJC_WEAK = YES;
				CLANG_WARN_BLOCK_CAPTURE_AUTORELEASING = YES;
				CLANG_WARN_BOOL_CONVERSION = YES;
				CLANG_WARN_COMMA = YES;
				CLANG_WARN_CONSTANT_CONVERSION = YES;
				CLANG_WARN_DEPRECATED_OBJC_IMPLEMENTATIONS = YES;
				CLANG_WARN_DIRECT_OBJC_ISA_USAGE = YES_ERROR;
				CLANG_WARN_DOCUMENTATION_COMMENTS = YES;
				CLANG_WARN_EMPTY_BODY = YES;
				CLANG_WARN_ENUM_CONVERSION = YES;
				CLANG_WARN_INFINITE_RECURSION = YES;
				CLANG_WARN_INT_CONVERSION = YES;
				CLANG_WARN_NON_LITERAL_NULL_CONVERSION = YES;
				CLANG_WARN_OBJC_IMPLICIT_RETAIN_SELF = YES;
				CLANG_WARN_OBJC_LITERAL_CONVERSION = YES;
				CLANG_WARN_OBJC_ROOT_CLASS = YES_ERROR;
				CLANG_WARN_QUOTED_INCLUDE_IN_FRAMEWORK_HEADER = YES;
				CLANG_WARN_RANGE_LOOP_ANALYSIS = YES;
				CLANG_WARN_STRICT_PROTOTYPES = YES;
				CLANG_WARN_SUSPICIOUS_MOVE = YES;
				CLANG_WARN_UNGUARDED_AVAILABILITY = YES_AGGRESSIVE;
				CLANG_WARN_UNREACHABLE_CODE = YES;
				CLANG_WARN__DUPLICATE_METHOD_MATCH = YES;
				COPY_PHASE_STRIP = NO;
				DEBUG_INFORMATION_FORMAT = dwarf;
				ENABLE_STRICT_OBJC_MSGSEND = YES;
				ENABLE_TESTABILITY = YES;
				GCC_C_LANGUAGE_STANDARD = gnu11;
				GCC_DYNAMIC_NO_PIC = NO;
				GCC_NO_COMMON_BLOCKS = YES;
				GCC_OPTIMIZATION_LEVEL = 0;
				GCC_PREPROCESSOR_DEFINITIONS = (
					"DEBUG=1",
					"$(inherited)",
				);
				GCC_WARN_64_TO_32_BIT_CONVERSION = YES;
				GCC_WARN_ABOUT_RETURN_TYPE = YES_ERROR;
				GCC_WARN_UNDECLARED_SELECTOR = YES;
				GCC_WARN_UNINITIALIZED_AUTOS = YES_AGGRESSIVE;
				GCC_WARN_UNUSED_FUNCTION = YES;
				GCC_WARN_UNUSED_VARIABLE = YES;
				IPHONEOS_DEPLOYMENT_TARGET = 16.2;
				MTL_ENABLE_DEBUG_INFO = INCLUDE_SOURCE;
				MTL_FAST_MATH = YES;
				ONLY_ACTIVE_ARCH = YES;
				SDKROOT = iphoneos;
				SWIFT_ACTIVE_COMPILATION_CONDITIONS = DEBUG;
				SWIFT_OPTIMIZATION_LEVEL = "-Onone";
			};
			name = Debug;
		};
		04CADC6B2B8ECF5000148DDF /* Release */ = {
			isa = XCBuildConfiguration;
			buildSettings = {
				ALWAYS_SEARCH_USER_PATHS = NO;
				CLANG_ANALYZER_NONNULL = YES;
				CLANG_ANALYZER_NUMBER_OBJECT_CONVERSION = YES_AGGRESSIVE;
				CLANG_CXX_LANGUAGE_STANDARD = "gnu++20";
				CLANG_ENABLE_MODULES = YES;
				CLANG_ENABLE_OBJC_ARC = YES;
				CLANG_ENABLE_OBJC_WEAK = YES;
				CLANG_WARN_BLOCK_CAPTURE_AUTORELEASING = YES;
				CLANG_WARN_BOOL_CONVERSION = YES;
				CLANG_WARN_COMMA = YES;
				CLANG_WARN_CONSTANT_CONVERSION = YES;
				CLANG_WARN_DEPRECATED_OBJC_IMPLEMENTATIONS = YES;
				CLANG_WARN_DIRECT_OBJC_ISA_USAGE = YES_ERROR;
				CLANG_WARN_DOCUMENTATION_COMMENTS = YES;
				CLANG_WARN_EMPTY_BODY = YES;
				CLANG_WARN_ENUM_CONVERSION = YES;
				CLANG_WARN_INFINITE_RECURSION = YES;
				CLANG_WARN_INT_CONVERSION = YES;
				CLANG_WARN_NON_LITERAL_NULL_CONVERSION = YES;
				CLANG_WARN_OBJC_IMPLICIT_RETAIN_SELF = YES;
				CLANG_WARN_OBJC_LITERAL_CONVERSION = YES;
				CLANG_WARN_OBJC_ROOT_CLASS = YES_ERROR;
				CLANG_WARN_QUOTED_INCLUDE_IN_FRAMEWORK_HEADER = YES;
				CLANG_WARN_RANGE_LOOP_ANALYSIS = YES;
				CLANG_WARN_STRICT_PROTOTYPES = YES;
				CLANG_WARN_SUSPICIOUS_MOVE = YES;
				CLANG_WARN_UNGUARDED_AVAILABILITY = YES_AGGRESSIVE;
				CLANG_WARN_UNREACHABLE_CODE = YES;
				CLANG_WARN__DUPLICATE_METHOD_MATCH = YES;
				COPY_PHASE_STRIP = NO;
				DEBUG_INFORMATION_FORMAT = "dwarf-with-dsym";
				ENABLE_NS_ASSERTIONS = NO;
				ENABLE_STRICT_OBJC_MSGSEND = YES;
				GCC_C_LANGUAGE_STANDARD = gnu11;
				GCC_NO_COMMON_BLOCKS = YES;
				GCC_WARN_64_TO_32_BIT_CONVERSION = YES;
				GCC_WARN_ABOUT_RETURN_TYPE = YES_ERROR;
				GCC_WARN_UNDECLARED_SELECTOR = YES;
				GCC_WARN_UNINITIALIZED_AUTOS = YES_AGGRESSIVE;
				GCC_WARN_UNUSED_FUNCTION = YES;
				GCC_WARN_UNUSED_VARIABLE = YES;
				IPHONEOS_DEPLOYMENT_TARGET = 16.2;
				MTL_ENABLE_DEBUG_INFO = NO;
				MTL_FAST_MATH = YES;
				SDKROOT = iphoneos;
				SWIFT_COMPILATION_MODE = wholemodule;
				SWIFT_OPTIMIZATION_LEVEL = "-O";
				VALIDATE_PRODUCT = YES;
			};
			name = Release;
		};
		04CADC6D2B8ECF5000148DDF /* Debug */ = {
			isa = XCBuildConfiguration;
			buildSettings = {
				ASSETCATALOG_COMPILER_APPICON_NAME = AppIcon;
				ASSETCATALOG_COMPILER_GLOBAL_ACCENT_COLOR_NAME = AccentColor;
				CODE_SIGN_STYLE = Automatic;
				CURRENT_PROJECT_VERSION = 1;
				DEVELOPMENT_TEAM = SV76G437QX;
				GENERATE_INFOPLIST_FILE = YES;
				INFOPLIST_FILE = MVP/Info.plist;
				INFOPLIST_KEY_UIApplicationSupportsIndirectInputEvents = YES;
				INFOPLIST_KEY_UILaunchStoryboardName = LaunchScreen;
				INFOPLIST_KEY_UIMainStoryboardFile = Main;
				INFOPLIST_KEY_UISupportedInterfaceOrientations_iPad = "UIInterfaceOrientationPortrait UIInterfaceOrientationPortraitUpsideDown UIInterfaceOrientationLandscapeLeft UIInterfaceOrientationLandscapeRight";
				INFOPLIST_KEY_UISupportedInterfaceOrientations_iPhone = "UIInterfaceOrientationPortrait UIInterfaceOrientationLandscapeLeft UIInterfaceOrientationLandscapeRight";
				IPHONEOS_DEPLOYMENT_TARGET = 15.3;
				LD_RUNPATH_SEARCH_PATHS = (
					"$(inherited)",
					"@executable_path/Frameworks",
				);
				MARKETING_VERSION = 1.0;
				PRODUCT_BUNDLE_IDENTIFIER = com.thawdezin.MVP;
				PRODUCT_NAME = "$(TARGET_NAME)";
				SWIFT_EMIT_LOC_STRINGS = YES;
				SWIFT_VERSION = 5.0;
				TARGETED_DEVICE_FAMILY = "1,2";
			};
			name = Debug;
		};
		04CADC6E2B8ECF5000148DDF /* Release */ = {
			isa = XCBuildConfiguration;
			buildSettings = {
				ASSETCATALOG_COMPILER_APPICON_NAME = AppIcon;
				ASSETCATALOG_COMPILER_GLOBAL_ACCENT_COLOR_NAME = AccentColor;
				CODE_SIGN_STYLE = Automatic;
				CURRENT_PROJECT_VERSION = 1;
				DEVELOPMENT_TEAM = SV76G437QX;
				GENERATE_INFOPLIST_FILE = YES;
				INFOPLIST_FILE = MVP/Info.plist;
				INFOPLIST_KEY_UIApplicationSupportsIndirectInputEvents = YES;
				INFOPLIST_KEY_UILaunchStoryboardName = LaunchScreen;
				INFOPLIST_KEY_UIMainStoryboardFile = Main;
				INFOPLIST_KEY_UISupportedInterfaceOrientations_iPad = "UIInterfaceOrientationPortrait UIInterfaceOrientationPortraitUpsideDown UIInterfaceOrientationLandscapeLeft UIInterfaceOrientationLandscapeRight";
				INFOPLIST_KEY_UISupportedInterfaceOrientations_iPhone = "UIInterfaceOrientationPortrait UIInterfaceOrientationLandscapeLeft UIInterfaceOrientationLandscapeRight";
				IPHONEOS_DEPLOYMENT_TARGET = 15.3;
				LD_RUNPATH_SEARCH_PATHS = (
					"$(inherited)",
					"@executable_path/Frameworks",
				);
				MARKETING_VERSION = 1.0;
				PRODUCT_BUNDLE_IDENTIFIER = com.thawdezin.MVP;
				PRODUCT_NAME = "$(TARGET_NAME)";
				SWIFT_EMIT_LOC_STRINGS = YES;
				SWIFT_VERSION = 5.0;
				TARGETED_DEVICE_FAMILY = "1,2";
			};
			name = Release;
		};
/* End XCBuildConfiguration section */

/* Begin XCConfigurationList section */
		04CADC532B8ECF4600148DDF /* Build configuration list for PBXProject "MVP" */ = {
			isa = XCConfigurationList;
			buildConfigurations = (
				04CADC6A2B8ECF5000148DDF /* Debug */,
				04CADC6B2B8ECF5000148DDF /* Release */,
			);
			defaultConfigurationIsVisible = 0;
			defaultConfigurationName = Release;
		};
		04CADC6C2B8ECF5000148DDF /* Build configuration list for PBXNativeTarget "MVP" */ = {
			isa = XCConfigurationList;
			buildConfigurations = (
				04CADC6D2B8ECF5000148DDF /* Debug */,
				04CADC6E2B8ECF5000148DDF /* Release */,
			);
			defaultConfigurationIsVisible = 0;
			defaultConfigurationName = Release;
		};
/* End XCConfigurationList section */
	};
	rootObject = 04CADC502B8ECF4600148DDF /* Project object */;
}
